[{<<"cowboy">>,
  {git,"https://github.com/ninenines/cowboy.git",
       {ref,"06e1e2be688e74e4644dbd25a29f863d81e4cbaa"}},
  0},
 {<<"cowlib">>,
  {git,"https://github.com/ninenines/cowlib",
       {ref,"8cf98c9f3d1292c1b08fca5ca99772ae912eaa86"}},
  1},
 {<<"erlydtl">>,
  {git,"https://github.com/erlydtl/erlydtl.git",
       {ref,"7e5058c0969dc424c4600c139e6e682a31dbfa7e"}},
  0},
 {<<"goldrush">>,
  {git,"git://github.com/DeadZen/goldrush.git",
       {ref,"212299233c7e7eb63a97be2777e1c05ebaa58dbe"}},
  1},
 {<<"jsx">>,
  {git,"https://github.com/talentdeficit/jsx.git",
       {ref,"3074d4865b3385a050badf7828ad31490d860df5"}},
  0},
 {<<"lager">>,
  {git,"https://github.com/basho/lager",
       {ref,"8187757388c9adc915379caaab36a2f2ca26e944"}},
  0},
 {<<"pubsub">>,
  {git,"https://github.com/ricecake/pubsub",
       {ref,"3868835b6d5938efc73dcfbf15c96081d42fbf69"}},
  0},
 {<<"quickrand">>,
  {git,"https://github.com/okeuday/quickrand.git",
       {ref,"0b0d0089802231b4d65bd1809a74d24a1b64da22"}},
  1},
 {<<"ranch">>,
  {git,"https://github.com/ninenines/ranch",
       {ref,"a5d2efcde9a34ad38ab89a26d98ea5335e88625a"}},
  1},
 {<<"uuid">>,
  {git,"https://github.com/okeuday/uuid.git",
       {ref,"6f5d9e3b8a016013e308dd7855273f5ac19ab720"}},
  0}].
